<?xml version="1.0" encoding="utf-8"?>
<Project ToolsVersion="4.0" xmlns="http://schemas.microsoft.com/developer/msbuild/2003">
  <ItemGroup>
    <Filter Include="Source Files">
      <UniqueIdentifier>{4FC737F1-C7A5-4376-A066-2A32D752A2FF}</UniqueIdentifier>
      <Extensions>cpp;c;cc;cxx;def;odl;idl;hpj;bat;asm;asmx</Extensions>
    </Filter>
    <Filter Include="Header Files">
      <UniqueIdentifier>{93995380-89BD-4b04-88EB-625FBE52EBFB}</UniqueIdentifier>
      <Extensions>h;hh;hpp;hxx;hm;inl;inc;xsd</Extensions>
    </Filter>
    <Filter Include="Resource Files">
      <UniqueIdentifier>{67DA6AB6-F800-4c08-8B7A-83BB121AAD01}</UniqueIdentifier>
      <Extensions>rc;ico;cur;bmp;dlg;rc2;rct;bin;rgs;gif;jpg;jpeg;jpe;resx;tiff;tif;png;wav;mfcribbon-ms</Extensions>
    </Filter>
    <Filter Include="Source Files\engine">
      <UniqueIdentifier>{cf460747-a861-4670-a1e4-7417799cde2c}</UniqueIdentifier>
    </Filter>
  </ItemGroup>
  <ItemGroup>
    <Text Include="ReadMe.txt" />
  </ItemGroup>
  <ItemGroup>
    <ClInclude Include="fjortris.h">
      <Filter>Header Files</Filter>
    </ClInclude>
    <ClInclude Include="resource.h">
      <Filter>Header Files</Filter>
    </ClInclude>
    <ClInclude Include="targetver.h">
      <Filter>Header Files</Filter>
    </ClInclude>
    <ClInclude Include="..\engine\arctic_types.h">
      <Filter>Source Files\engine</Filter>
    </ClInclude>
    <ClInclude Include="..\engine\arctic_input.h">
      <Filter>Source Files\engine</Filter>
    </ClInclude>
    <ClInclude Include="..\engine\arctic_math.h">
      <Filter>Source Files\engine</Filter>
    </ClInclude>
    <ClInclude Include="..\engine\bound2f.h">
      <Filter>Source Files\engine</Filter>
    </ClInclude>
    <ClInclude Include="..\engine\bound3f.h">
      <Filter>Source Files\engine</Filter>
    </ClInclude>
    <ClInclude Include="..\engine\frustum3f.h">
      <Filter>Source Files\engine</Filter>
    </ClInclude>
    <ClInclude Include="..\engine\mat22f.h">
      <Filter>Source Files\engine</Filter>
    </ClInclude>
    <ClInclude Include="..\engine\mat33f.h">
      <Filter>Source Files\engine</Filter>
    </ClInclude>
    <ClInclude Include="..\engine\mat44f.h">
      <Filter>Source Files\engine</Filter>
    </ClInclude>
    <ClInclude Include="..\engine\scalar_math.h">
      <Filter>Source Files\engine</Filter>
    </ClInclude>
    <ClInclude Include="..\engine\vec2f.h">
      <Filter>Source Files\engine</Filter>
    </ClInclude>
    <ClInclude Include="..\engine\vec2si32.h">
      <Filter>Source Files\engine</Filter>
    </ClInclude>
    <ClInclude Include="..\engine\vec3f.h">
      <Filter>Source Files\engine</Filter>
    </ClInclude>
    <ClInclude Include="..\engine\vec3si32.h">
      <Filter>Source Files\engine</Filter>
    </ClInclude>
    <ClInclude Include="..\engine\vec4f.h">
      <Filter>Source Files\engine</Filter>
    </ClInclude>
    <ClInclude Include="..\engine\vec4si32.h">
      <Filter>Source Files\engine</Filter>
    </ClInclude>
    <ClInclude Include="..\engine\easy_sprite.h">
      <Filter>Source Files\engine</Filter>
    </ClInclude>
    <ClInclude Include="..\engine\easy_sound.h">
      <Filter>Source Files\engine</Filter>
    </ClInclude>
    <ClInclude Include="..\engine\easy.h">
      <Filter>Source Files\engine</Filter>
    </ClInclude>
    <ClInclude Include="..\engine\easy_sound_instance.h">
      <Filter>Source Files\engine</Filter>
    </ClInclude>
    <ClInclude Include="..\engine\easy_sprite_instance.h">
      <Filter>Source Files\engine</Filter>
    </ClInclude>
    <ClInclude Include="..\engine\rgba.h">
      <Filter>Source Files\engine</Filter>
    </ClInclude>
    <ClInclude Include="..\engine\byte_array.h">
      <Filter>Source Files\engine</Filter>
    </ClInclude>
    <ClInclude Include="..\engine\arctic_platform_def.h">
      <Filter>Source Files\engine</Filter>
    </ClInclude>
    <ClInclude Include="..\engine\arctic_platform.h">
      <Filter>Source Files\engine</Filter>
    </ClInclude>
    <ClInclude Include="..\engine\rgb.h">
      <Filter>Source Files\engine</Filter>
    </ClInclude>
    <ClInclude Include="..\engine\engine.h">
      <Filter>Source Files\engine</Filter>
    </ClInclude>
    <ClInclude Include="..\engine\opengl.h">
      <Filter>Source Files\engine</Filter>
    </ClInclude>
  </ItemGroup>
  <ItemGroup>
    <ClCompile Include="fjortris.cpp">
      <Filter>Source Files</Filter>
    </ClCompile>
    <ClCompile Include="..\engine\easy.cpp">
      <Filter>Source Files\engine</Filter>
    </ClCompile>
    <ClCompile Include="..\engine\easy_sound.cpp">
      <Filter>Source Files\engine</Filter>
    </ClCompile>
    <ClCompile Include="..\engine\easy_sound_instance.cpp">
      <Filter>Source Files\engine</Filter>
    </ClCompile>
    <ClCompile Include="..\engine\easy_sprite.cpp">
      <Filter>Source Files\engine</Filter>
    </ClCompile>
    <ClCompile Include="..\engine\easy_sprite_instance.cpp">
      <Filter>Source Files\engine</Filter>
    </ClCompile>
    <ClCompile Include="..\engine\byte_array.cpp">
      <Filter>Source Files\engine</Filter>
    </ClCompile>
    <ClCompile Include="..\engine\arctic_platform_windows.cpp">
      <Filter>Source Files\engine</Filter>
    </ClCompile>
    <ClCompile Include="..\engine\arctic_input.cpp">
      <Filter>Source Files\engine</Filter>
    </ClCompile>
    <ClCompile Include="..\engine\engine.cpp">
      <Filter>Source Files\engine</Filter>
    </ClCompile>
    <ClCompile Include="..\engine\arctic_math.cpp">
      <Filter>Source Files\engine</Filter>
    </ClCompile>
  </ItemGroup>
  <ItemGroup>
    <ResourceCompile Include="fjortris.rc">
      <Filter>Resource Files</Filter>
    </ResourceCompile>
  </ItemGroup>
  <ItemGroup>
    <Image Include="app_icon.ico">
      <Filter>Resource Files</Filter>
    </Image>
    <Image Include="small_app_icon.ico">
      <Filter>Resource Files</Filter>
    </Image>
  </ItemGroup>
</Project>